schema: gwz.lock/v0
workspace_id: ws_default
manifest_schema: gwz.workspace/v0
created_at: unix-ms:1783096197722
members:
  mem_glade:
    path: glade
    source_id: src_glade
    source_kind: git
    commit: da09362cdcde37843cb1ab06e937b1098c64766c
    branch: main
    detached: false
    dirty: false
    materialized: true
  mem_taut:
    path: taut
    source_id: src_taut
    source_kind: git
    commit: 70e17b75b5b5bd05b8f769720454b142ffb6184e
    branch: main
    detached: false
    dirty: false
    materialized: true
  mem_taut_shape:
    path: taut-shape
    source_id: src_taut_shape
    source_kind: git
    commit: 995ed919affc1b96867554d3fd76548762aa91b2
    branch: main
    detached: false
    dirty: false
    materialized: true
  mem_taut_shape_py:
    path: taut-shape-py
    source_id: src_taut_shape_py
    source_kind: git
    commit: b63f53a8efc1406da303101bd6e92943cae34612
    branch: main
    detached: false
    dirty: false
    materialized: true
  mem_taut_shape_rs:
    path: taut-shape-rs
    source_id: src_taut_shape_rs
    source_kind: git
    commit: d840c6c35823dd718af8ddd8d56af5f72647e320
    branch: main
    detached: false
    dirty: false
    materialized: true
  mem_taut_shape_ts:
    path: taut-shape-ts
    source_id: src_taut_shape_ts
    source_kind: git
    commit: f1a12e112f85e516c38059d8cf63742dbab3ed11
    branch: main
    detached: false
    dirty: false
    materialized: true
