schema: gwz.lock/v0
workspace_id: ws_default
manifest_schema: gwz.workspace/v0
created_at: unix-ms:1782989962272
members:
  mem_glade:
    path: glade
    source_id: src_glade
    source_kind: git
    commit: da09362cdcde37843cb1ab06e937b1098c64766c
    branch: main
    detached: false
    dirty: false
    materialized: true
  mem_taut:
    path: taut
    source_id: src_taut
    source_kind: git
    commit: 70e17b75b5b5bd05b8f769720454b142ffb6184e
    branch: main
    detached: false
    dirty: false
    materialized: true
  mem_taut_shape:
    path: taut-shape
    source_id: src_taut_shape
    source_kind: git
    commit: 7aa206b720c5e0a2652bbacfe83f2aa0a2bf8c26
    branch: main
    detached: false
    dirty: false
    materialized: true
  mem_taut_shape_py:
    path: taut-shape-py
    source_id: src_taut_shape_py
    source_kind: git
    commit: dd0769a3cb0503d80b669c4941e90b7f59b66fe2
    branch: main
    detached: false
    dirty: false
    materialized: true
  mem_taut_shape_rs:
    path: taut-shape-rs
    source_id: src_taut_shape_rs
    source_kind: git
    commit: ad9afc54247184136f861016a4f97c724d49ef85
    branch: main
    detached: false
    dirty: false
    materialized: true
  mem_taut_shape_ts:
    path: taut-shape-ts
    source_id: src_taut_shape_ts
    source_kind: git
    commit: 08a82782f86dfc30085fc91e9f704e59a2088218
    branch: main
    detached: false
    dirty: false
    materialized: true
