schema: gwz.lock/v0
workspace_id: ws_default
manifest_schema: gwz.workspace/v0
created_at: unix-ms:1783099443163
members:
  mem_glade:
    path: glade
    source_id: src_glade
    source_kind: git
    commit: da09362cdcde37843cb1ab06e937b1098c64766c
    branch: main
    detached: false
    dirty: false
    materialized: true
  mem_taut:
    path: taut
    source_id: src_taut
    source_kind: git
    commit: 70e17b75b5b5bd05b8f769720454b142ffb6184e
    branch: main
    detached: false
    dirty: false
    materialized: true
  mem_taut_shape:
    path: taut-shape
    source_id: src_taut_shape
    source_kind: git
    commit: 84ad028135e6602ff98751770b84e33dd1982a71
    branch: main
    detached: false
    dirty: false
    materialized: true
  mem_taut_shape_py:
    path: taut-shape-py
    source_id: src_taut_shape_py
    source_kind: git
    commit: 7e7d5a7fc27635b152e10815503f1b456ae6a960
    branch: main
    detached: false
    dirty: false
    materialized: true
  mem_taut_shape_rs:
    path: taut-shape-rs
    source_id: src_taut_shape_rs
    source_kind: git
    commit: 9f65e95387befb0b8231ff77c5dbcb91ff2d91a3
    branch: main
    detached: false
    dirty: false
    materialized: true
  mem_taut_shape_ts:
    path: taut-shape-ts
    source_id: src_taut_shape_ts
    source_kind: git
    commit: b1152457ac03c9300ad013ff9e39948a9a723d46
    branch: main
    detached: false
    dirty: false
    materialized: true
